{
  "name": "unisender",
  "version": "1.0.0",
  "lockfileVersion": 2,
  "requires": true,
  "packages": {
    "": {
      "name": "unisender",
      "version": "1.0.0",
      "license": "ISC",
      "dependencies": {
        "dateformat": "^4.5.1",
        "xmlhttprequest": "^1.8.0"
      }
    },
    "node_modules/dateformat": {
      "version": "4.5.1",
      "resolved": "https://registry.npmjs.org/dateformat/-/dateformat-4.5.1.tgz",
      "integrity": "sha512-OD0TZ+B7yP7ZgpJf5K2DIbj3FZvFvxgFUuaqA/V5zTjAtAAXZ1E8bktHxmAGs4x5b7PflqA9LeQ84Og7wYtF7Q==",
      "engines": {
        "node": "*"
      }
    },
    "node_modules/xmlhttprequest": {
      "version": "1.8.0",
      "resolved": "https://registry.npmjs.org/xmlhttprequest/-/xmlhttprequest-1.8.0.tgz",
      "integrity": "sha1-Z/4HXFwk/vOfnWX197f+dRcZaPw=",
      "engines": {
        "node": ">=0.4.0"
      }
    }
  },
  "dependencies": {
    "dateformat": {
      "version": "4.5.1",
      "resolved": "https://registry.npmjs.org/dateformat/-/dateformat-4.5.1.tgz",
      "integrity": "sha512-OD0TZ+B7yP7ZgpJf5K2DIbj3FZvFvxgFUuaqA/V5zTjAtAAXZ1E8bktHxmAGs4x5b7PflqA9LeQ84Og7wYtF7Q=="
    },
    "xmlhttprequest": {
      "version": "1.8.0",
      "resolved": "https://registry.npmjs.org/xmlhttprequest/-/xmlhttprequest-1.8.0.tgz",
      "integrity": "sha1-Z/4HXFwk/vOfnWX197f+dRcZaPw="
    }
  }
}
